
Microsoft Visual Studio Solution File, Format Version 12.00
# Visual Studio Version 17
VisualStudioVersion = 17.14.36414.22 d17.14
MinimumVisualStudioVersion = 10.0.40219.1
Project("{FAE04EC0-301F-11D3-BF4B-00C04F79EFBC}") = "Backgammon", "Backgammon\Backgammon.csproj", "{879FE735-4919-4C90-9C60-F028C110DFC1}"
EndProject
Global
	GlobalSection(SolutionConfigurationPlatforms) = preSolution
		Debug|Any CPU = Debug|Any CPU
		Release|Any CPU = Release|Any CPU
	EndGlobalSection
	GlobalSection(ProjectConfigurationPlatforms) = postSolution
		{879FE735-4919-4C90-9C60-F028C110DFC1}.Debug|Any CPU.ActiveCfg = Debug|Any CPU
		{879FE735-4919-4C90-9C60-F028C110DFC1}.Debug|Any CPU.Build.0 = Debug|Any CPU
		{879FE735-4919-4C90-9C60-F028C110DFC1}.Release|Any CPU.ActiveCfg = Release|Any CPU
		{879FE735-4919-4C90-9C60-F028C110DFC1}.Release|Any CPU.Build.0 = Release|Any CPU
	EndGlobalSection
	GlobalSection(SolutionProperties) = preSolution
		HideSolutionNode = FALSE
	EndGlobalSection
	GlobalSection(ExtensibilityGlobals) = postSolution
		SolutionGuid = {1380F1E4-464A-4C8F-8C6A-F93C77219835}
	EndGlobalSection
EndGlobal
